// !$*UTF8*$!
{
	archiveVersion = 1;
	classes = {
	};
	objectVersion = 48;
	objects = {

/* Begin PBXBuildFile section */
		18206DBE1FFF8F9A0086E9D2 /* RCTUpdateAppModule.m in Sources */ = {isa = PBXBuildFile; fileRef = 18206DBD1FFF8F9A0086E9D2 /* RCTUpdateAppModule.m */; };
		18206DBF1FFF8F9A0086E9D2 /* RCTUpdateAppModule.h in CopyFiles */ = {isa = PBXBuildFile; fileRef = 18206DBC1FFF8F9A0086E9D2 /* RCTUpdateAppModule.h */; };
/* End PBXBuildFile section */

/* Begin PBXCopyFilesBuildPhase section */
		18206DB71FFF8F9A0086E9D2 /* CopyFiles */ = {
			isa = PBXCopyFilesBuildPhase;
			buildActionMask = 2147483647;
			dstPath = "include/$(PRODUCT_NAME)";
			dstSubfolderSpec = 16;
			files = (
				18206DBF1FFF8F9A0086E9D2 /* RCTUpdateAppModule.h in CopyFiles */,
			);
			runOnlyForDeploymentPostprocessing = 0;
		};
/* End PBXCopyFilesBuildPhase section */

/* Begin PBXFileReference section */
		18206DB91FFF8F9A0086E9D2 /* libRCTUpdateAppModule.a */ = {isa = PBXFileReference; explicitFileType = archive.ar; includeInIndex = 0; path = libRCTUpdateAppModule.a; sourceTree = BUILT_PRODUCTS_DIR; };
		18206DBC1FFF8F9A0086E9D2 /* RCTUpdateAppModule.h */ = {isa = PBXFileReference; lastKnownFileType = sourcecode.c.h; path = RCTUpdateAppModule.h; sourceTree = "<group>"; };
		18206DBD1FFF8F9A0086E9D2 /* RCTUpdateAppModule.m */ = {isa = PBXFileReference; lastKnownFileType = sourcecode.c.objc; path = RCTUpdateAppModule.m; sourceTree = "<group>"; };
/* End PBXFileReference section */

/* Begin PBXFrameworksBuildPhase section */
		18206DB61FFF8F9A0086E9D2 /* Frameworks */ = {
			isa = PBXFrameworksBuildPhase;
			buildActionMask = 2147483647;
			files = (
			);
			runOnlyForDeploymentPostprocessing = 0;
		};
/* End PBXFrameworksBuildPhase section */

/* Begin PBXGroup section */
		18206DB01FFF8F9A0086E9D2 = {
			isa = PBXGroup;
			children = (
				18206DBB1FFF8F9A0086E9D2 /* RCTUpdateAppModule */,
				18206DBA1FFF8F9A0086E9D2 /* Products */,
			);
			sourceTree = "<group>";
		};
		18206DBA1FFF8F9A0086E9D2 /* Products */ = {
			isa = PBXGroup;
			children = (
				18206DB91FFF8F9A0086E9D2 /* libRCTUpdateAppModule.a */,
			);
			name = Products;
			sourceTree = "<group>";
		};
		18206DBB1FFF8F9A0086E9D2 /* RCTUpdateAppModule */ = {
			isa = PBXGroup;
			children = (
				18206DBC1FFF8F9A0086E9D2 /* RCTUpdateAppModule.h */,
				18206DBD1FFF8F9A0086E9D2 /* RCTUpdateAppModule.m */,
			);
			path = RCTUpdateAppModule;
			sourceTree = "<group>";
		};
/* End PBXGroup section */

/* Begin PBXNativeTarget section */
		18206DB81FFF8F9A0086E9D2 /* RCTUpdateAppModule */ = {
			isa = PBXNativeTarget;
			buildConfigurationList = 18206DC21FFF8F9A0086E9D2 /* Build configuration list for PBXNativeTarget "RCTUpdateAppModule" */;
			buildPhases = (
				18206DB51FFF8F9A0086E9D2 /* Sources */,
				18206DB61FFF8F9A0086E9D2 /* Frameworks */,
				18206DB71FFF8F9A0086E9D2 /* CopyFiles */,
			);
			buildRules = (
			);
			dependencies = (
			);
			name = RCTUpdateAppModule;
			productName = RCTUpdateAppModule;
			productReference = 18206DB91FFF8F9A0086E9D2 /* libRCTUpdateAppModule.a */;
			productType = "com.apple.product-type.library.static";
		};
/* End PBXNativeTarget section */

/* Begin PBXProject section */
		18206DB11FFF8F9A0086E9D2 /* Project object */ = {
			isa = PBXProject;
			attributes = {
				LastUpgradeCheck = 0920;
				ORGANIZATIONNAME = "Learnta Inc.";
				TargetAttributes = {
					18206DB81FFF8F9A0086E9D2 = {
						CreatedOnToolsVersion = 9.2;
						ProvisioningStyle = Automatic;
					};
				};
			};
			buildConfigurationList = 18206DB41FFF8F9A0086E9D2 /* Build configuration list for PBXProject "RCTUpdateAppModule" */;
			compatibilityVersion = "Xcode 8.0";
			developmentRegion = en;
			hasScannedForEncodings = 0;
			knownRegions = (
				en,
			);
			mainGroup = 18206DB01FFF8F9A0086E9D2;
			productRefGroup = 18206DBA1FFF8F9A0086E9D2 /* Products */;
			projectDirPath = "";
			projectRoot = "";
			targets = (
				18206DB81FFF8F9A0086E9D2 /* RCTUpdateAppModule */,
			);
		};
/* End PBXProject section */

/* Begin PBXSourcesBuildPhase section */
		18206DB51FFF8F9A0086E9D2 /* Sources */ = {
			isa = PBXSourcesBuildPhase;
			buildActionMask = 2147483647;
			files = (
				18206DBE1FFF8F9A0086E9D2 /* RCTUpdateAppModule.m in Sources */,
			);
			runOnlyForDeploymentPostprocessing = 0;
		};
/* End PBXSourcesBuildPhase section */

/* Begin XCBuildConfiguration section */
		18206DC01FFF8F9A0086E9D2 /* Debug */ = {
			isa = XCBuildConfiguration;
			buildSettings = {
				ALWAYS_SEARCH_USER_PATHS = NO;
				CLANG_ANALYZER_NONNULL = YES;
				CLANG_ANALYZER_NUMBER_OBJECT_CONVERSION = YES_AGGRESSIVE;
				CLANG_CXX_LANGUAGE_STANDARD = "gnu++14";
				CLANG_CXX_LIBRARY = "libc++";
				CLANG_ENABLE_MODULES = YES;
				CLANG_ENABLE_OBJC_ARC = YES;
				CLANG_WARN_BLOCK_CAPTURE_AUTORELEASING = YES;
				CLANG_WARN_BOOL_CONVERSION = YES;
				CLANG_WARN_COMMA = YES;
				CLANG_WARN_CONSTANT_CONVERSION = YES;
				CLANG_WARN_DIRECT_OBJC_ISA_USAGE = YES_ERROR;
				CLANG_WARN_DOCUMENTATION_COMMENTS = YES;
				CLANG_WARN_EMPTY_BODY = YES;
				CLANG_WARN_ENUM_CONVERSION = YES;
				CLANG_WARN_INFINITE_RECURSION = YES;
				CLANG_WARN_INT_CONVERSION = YES;
				CLANG_WARN_NON_LITERAL_NULL_CONVERSION = YES;
				CLANG_WARN_OBJC_LITERAL_CONVERSION = YES;
				CLANG_WARN_OBJC_ROOT_CLASS = YES_ERROR;
				CLANG_WARN_RANGE_LOOP_ANALYSIS = YES;
				CLANG_WARN_STRICT_PROTOTYPES = YES;
				CLANG_WARN_SUSPICIOUS_MOVE = YES;
				CLANG_WARN_UNGUARDED_AVAILABILITY = YES_AGGRESSIVE;
				CLANG_WARN_UNREACHABLE_CODE = YES;
				CLANG_WARN__DUPLICATE_METHOD_MATCH = YES;
				CODE_SIGN_IDENTITY = "iPhone Developer";
				COPY_PHASE_STRIP = NO;
				DEBUG_INFORMATION_FORMAT = dwarf;
				ENABLE_STRICT_OBJC_MSGSEND = YES;
				ENABLE_TESTABILITY = YES;
				GCC_C_LANGUAGE_STANDARD = gnu11;
				GCC_DYNAMIC_NO_PIC = NO;
				GCC_NO_COMMON_BLOCKS = YES;
				GCC_OPTIMIZATION_LEVEL = 0;
				GCC_PREPROCESSOR_DEFINITIONS = (
					"DEBUG=1",
					"$(inherited)",
				);
				GCC_WARN_64_TO_32_BIT_CONVERSION = YES;
				GCC_WARN_ABOUT_RETURN_TYPE = YES_ERROR;
				GCC_WARN_UNDECLARED_SELECTOR = YES;
				GCC_WARN_UNINITIALIZED_AUTOS = YES_AGGRESSIVE;
				GCC_WARN_UNUSED_FUNCTION = YES;
				GCC_WARN_UNUSED_VARIABLE = YES;
				IPHONEOS_DEPLOYMENT_TARGET = 11.2;
				MTL_ENABLE_DEBUG_INFO = YES;
				ONLY_ACTIVE_ARCH = YES;
				SDKROOT = iphoneos;
			};
			name = Debug;
		};
		18206DC11FFF8F9A0086E9D2 /* Release */ = {
			isa = XCBuildConfiguration;
			buildSettings = {
				ALWAYS_SEARCH_USER_PATHS = NO;
				CLANG_ANALYZER_NONNULL = YES;
				CLANG_ANALYZER_NUMBER_OBJECT_CONVERSION = YES_AGGRESSIVE;
				CLANG_CXX_LANGUAGE_STANDARD = "gnu++14";
				CLANG_CXX_LIBRARY = "libc++";
				CLANG_ENABLE_MODULES = YES;
				CLANG_ENABLE_OBJC_ARC = YES;
				CLANG_WARN_BLOCK_CAPTURE_AUTORELEASING = YES;
				CLANG_WARN_BOOL_CONVERSION = YES;
				CLANG_WARN_COMMA = YES;
				CLANG_WARN_CONSTANT_CONVERSION = YES;
				CLANG_WARN_DIRECT_OBJC_ISA_USAGE = YES_ERROR;
				CLANG_WARN_DOCUMENTATION_COMMENTS = YES;
				CLANG_WARN_EMPTY_BODY = YES;
				CLANG_WARN_ENUM_CONVERSION = YES;
				CLANG_WARN_INFINITE_RECURSION = YES;
				CLANG_WARN_INT_CONVERSION = YES;
				CLANG_WARN_NON_LITERAL_NULL_CONVERSION = YES;
				CLANG_WARN_OBJC_LITERAL_CONVERSION = YES;
				CLANG_WARN_OBJC_ROOT_CLASS = YES_ERROR;
				CLANG_WARN_RANGE_LOOP_ANALYSIS = YES;
				CLANG_WARN_STRICT_PROTOTYPES = YES;
				CLANG_WARN_SUSPICIOUS_MOVE = YES;
				CLANG_WARN_UNGUARDED_AVAILABILITY = YES_AGGRESSIVE;
				CLANG_WARN_UNREACHABLE_CODE = YES;
				CLANG_WARN__DUPLICATE_METHOD_MATCH = YES;
				CODE_SIGN_IDENTITY = "iPhone Developer";
				COPY_PHASE_STRIP = NO;
				DEBUG_INFORMATION_FORMAT = "dwarf-with-dsym";
				ENABLE_NS_ASSERTIONS = NO;
				ENABLE_STRICT_OBJC_MSGSEND = YES;
				GCC_C_LANGUAGE_STANDARD = gnu11;
				GCC_NO_COMMON_BLOCKS = YES;
				GCC_WARN_64_TO_32_BIT_CONVERSION = YES;
				GCC_WARN_ABOUT_RETURN_TYPE = YES_ERROR;
				GCC_WARN_UNDECLARED_SELECTOR = YES;
				GCC_WARN_UNINITIALIZED_AUTOS = YES_AGGRESSIVE;
				GCC_WARN_UNUSED_FUNCTION = YES;
				GCC_WARN_UNUSED_VARIABLE = YES;
				IPHONEOS_DEPLOYMENT_TARGET = 11.2;
				MTL_ENABLE_DEBUG_INFO = NO;
				SDKROOT = iphoneos;
				VALIDATE_PRODUCT = YES;
			};
			name = Release;
		};
		18206DC31FFF8F9A0086E9D2 /* Debug */ = {
			isa = XCBuildConfiguration;
			buildSettings = {
				CODE_SIGN_STYLE = Automatic;
				DEVELOPMENT_TEAM = UWL4UWZ95B;
				OTHER_LDFLAGS = "-ObjC";
				PRODUCT_NAME = "$(TARGET_NAME)";
				SKIP_INSTALL = YES;
				TARGETED_DEVICE_FAMILY = "1,2";
			};
			name = Debug;
		};
		18206DC41FFF8F9A0086E9D2 /* Release */ = {
			isa = XCBuildConfiguration;
			buildSettings = {
				CODE_SIGN_STYLE = Automatic;
				DEVELOPMENT_TEAM = UWL4UWZ95B;
				OTHER_LDFLAGS = "-ObjC";
				PRODUCT_NAME = "$(TARGET_NAME)";
				SKIP_INSTALL = YES;
				TARGETED_DEVICE_FAMILY = "1,2";
			};
			name = Release;
		};
/* End XCBuildConfiguration section */

/* Begin XCConfigurationList section */
		18206DB41FFF8F9A0086E9D2 /* Build configuration list for PBXProject "RCTUpdateAppModule" */ = {
			isa = XCConfigurationList;
			buildConfigurations = (
				18206DC01FFF8F9A0086E9D2 /* Debug */,
				18206DC11FFF8F9A0086E9D2 /* Release */,
			);
			defaultConfigurationIsVisible = 0;
			defaultConfigurationName = Release;
		};
		18206DC21FFF8F9A0086E9D2 /* Build configuration list for PBXNativeTarget "RCTUpdateAppModule" */ = {
			isa = XCConfigurationList;
			buildConfigurations = (
				18206DC31FFF8F9A0086E9D2 /* Debug */,
				18206DC41FFF8F9A0086E9D2 /* Release */,
			);
			defaultConfigurationIsVisible = 0;
			defaultConfigurationName = Release;
		};
/* End XCConfigurationList section */
	};
	rootObject = 18206DB11FFF8F9A0086E9D2 /* Project object */;
}
